
Microsoft Visual Studio Solution File, Format Version 12.00
# Visual Studio Version 16
VisualStudioVersion = 16.0.30907.101
MinimumVisualStudioVersion = 10.0.40219.1
Project("{FAE04EC0-301F-11D3-BF4B-00C04F79EFBC}") = "DMT.TA.TODv4", "DMT.TA.TODv4.csproj", "{40627534-98D3-440A-99C5-2978533699D3}"
EndProject
Global
	GlobalSection(SolutionConfigurationPlatforms) = preSolution
		Debug|Any CPU = Debug|Any CPU
		Release|Any CPU = Release|Any CPU
	EndGlobalSection
	GlobalSection(ProjectConfigurationPlatforms) = postSolution
		{40627534-98D3-440A-99C5-2978533699D3}.Debug|Any CPU.ActiveCfg = Debug|Any CPU
		{40627534-98D3-440A-99C5-2978533699D3}.Debug|Any CPU.Build.0 = Debug|Any CPU
		{40627534-98D3-440A-99C5-2978533699D3}.Release|Any CPU.ActiveCfg = Release|Any CPU
		{40627534-98D3-440A-99C5-2978533699D3}.Release|Any CPU.Build.0 = Release|Any CPU
	EndGlobalSection
	GlobalSection(SolutionProperties) = preSolution
		HideSolutionNode = FALSE
	EndGlobalSection
	GlobalSection(ExtensibilityGlobals) = postSolution
		SolutionGuid = {E2352083-EE88-4EDB-BE3B-2FA8D4B955A7}
	EndGlobalSection
EndGlobal
