
Microsoft Visual Studio Solution File, Format Version 12.00
# Visual Studio Version 16
VisualStudioVersion = 16.0.30907.101
MinimumVisualStudioVersion = 10.0.40219.1
Project("{2150E333-8FDC-42A3-9474-1A3956D46DE8}") = "99.Tools", "99.Tools", "{FE2F9D63-2110-422D-AF7C-5600449597B0}"
EndProject
Project("{2150E333-8FDC-42A3-9474-1A3956D46DE8}") = "01.VSIX", "01.VSIX", "{43D3A296-717F-4050-AAA5-E5BB3ED28178}"
EndProject
Project("{2150E333-8FDC-42A3-9474-1A3956D46DE8}") = "02.RFREADER", "02.RFREADER", "{DA78D455-22A7-4248-9E7B-D1028F27260B}"
EndProject
Project("{2150E333-8FDC-42A3-9474-1A3956D46DE8}") = "ReportViewer", "ReportViewer", "{2E1C54A2-FE1F-452F-9FD3-41BE1A488E18}"
	ProjectSection(SolutionItems) = preProject
		99.Tools\01.VSIX\ReportViewer\Microsoft.DataTools.ReportingServices.z01 = 99.Tools\01.VSIX\ReportViewer\Microsoft.DataTools.ReportingServices.z01
		99.Tools\01.VSIX\ReportViewer\Microsoft.DataTools.ReportingServices.z02 = 99.Tools\01.VSIX\ReportViewer\Microsoft.DataTools.ReportingServices.z02
		99.Tools\01.VSIX\ReportViewer\Microsoft.DataTools.ReportingServices.zip = 99.Tools\01.VSIX\ReportViewer\Microsoft.DataTools.ReportingServices.zip
		99.Tools\01.VSIX\ReportViewer\Microsoft.RdlcDesigner.vsix = 99.Tools\01.VSIX\ReportViewer\Microsoft.RdlcDesigner.vsix
		99.Tools\01.VSIX\ReportViewer\note.txt = 99.Tools\01.VSIX\ReportViewer\note.txt
	EndProjectSection
EndProject
Project("{2150E333-8FDC-42A3-9474-1A3956D46DE8}") = "02.RFREADER", "02.RFREADER", "{099DC3B8-945D-4417-A919-D44FA49A4AE3}"
	ProjectSection(SolutionItems) = preProject
		99.Tools\02.RFREADER\ICTransfer.exe = 99.Tools\02.RFREADER\ICTransfer.exe
		99.Tools\02.RFREADER\MasterCom.dll = 99.Tools\02.RFREADER\MasterCom.dll
		99.Tools\02.RFREADER\MasterRD.dll = 99.Tools\02.RFREADER\MasterRD.dll
		99.Tools\02.RFREADER\SL600 test.txt = 99.Tools\02.RFREADER\SL600 test.txt
		99.Tools\02.RFREADER\SL_Paper.dll = 99.Tools\02.RFREADER\SL_Paper.dll
	EndProjectSection
EndProject
Project("{2150E333-8FDC-42A3-9474-1A3956D46DE8}") = "00.NLib", "00.NLib", "{AFF236CF-290E-4121-9DCC-41B24EA46431}"
EndProject
Project("{2150E333-8FDC-42A3-9474-1A3956D46DE8}") = "01.Core", "01.Core", "{631A2AD1-927D-489E-9D6E-63AEFFD3DA25}"
EndProject
Project("{2150E333-8FDC-42A3-9474-1A3956D46DE8}") = "02.Models", "02.Models", "{DA7DCCEC-D111-408A-8D09-FC865E92EB30}"
EndProject
Project("{2150E333-8FDC-42A3-9474-1A3956D46DE8}") = "03.WebServices.Core", "03.WebServices.Core", "{FDFBB91E-A33B-4E09-9F1F-DE8084F10DA2}"
EndProject
Project("{2150E333-8FDC-42A3-9474-1A3956D46DE8}") = "04.WebServices.Clients", "04.WebServices.Clients", "{80D31210-B240-46AB-8861-18BC30C0D217}"
EndProject
Project("{2150E333-8FDC-42A3-9474-1A3956D46DE8}") = "05.WebServices.Servers", "05.WebServices.Servers", "{E551BCE7-2E72-4ED9-95DD-92A86111031F}"
EndProject
Project("{2150E333-8FDC-42A3-9474-1A3956D46DE8}") = "06.Controls", "06.Controls", "{BC3F32C3-4A6D-425A-A828-2078F4B2D976}"
EndProject
Project("{2150E333-8FDC-42A3-9474-1A3956D46DE8}") = "09.App", "09.App", "{8EB55EC8-A0B8-4E70-A307-2A960E470F21}"
EndProject
Project("{2150E333-8FDC-42A3-9474-1A3956D46DE8}") = "10.Tests", "10.Tests", "{C3E0F368-5341-4484-BAD1-C067D68279A2}"
EndProject
Project("{2150E333-8FDC-42A3-9474-1A3956D46DE8}") = "11.Samples", "11.Samples", "{1BA29EB7-8471-4D8A-AD91-891D206726B6}"
EndProject
Project("{2150E333-8FDC-42A3-9474-1A3956D46DE8}") = "Solution Items", "Solution Items", "{8E8F7A97-F6F8-451E-802F-8A299644240A}"
	ProjectSection(SolutionItems) = preProject
		history.txt = history.txt
	EndProjectSection
EndProject
Project("{FAE04EC0-301F-11D3-BF4B-00C04F79EFBC}") = "NLib", "00.NLib\NLib\NLib.csproj", "{41A9D6C0-C833-403F-9BC1-EECDC246A428}"
EndProject
Project("{FAE04EC0-301F-11D3-BF4B-00C04F79EFBC}") = "NLib.Reports", "00.NLib\NLib.Reports\NLib.Reports.csproj", "{5879D92A-F850-4A70-8D88-99D29F6A46F3}"
EndProject
Project("{FAE04EC0-301F-11D3-BF4B-00C04F79EFBC}") = "DMT.Core", "01.Core\DMT.Core\DMT.Core.csproj", "{DB7FB4B5-3662-479E-A7DA-26B73611BFD4}"
EndProject
Project("{FAE04EC0-301F-11D3-BF4B-00C04F79EFBC}") = "DMT.Smartcard", "01.Core\DMT.Smartcard\DMT.Smartcard.csproj", "{5148ED2A-41FA-409C-BB41-36806D98BF81}"
EndProject
Project("{FAE04EC0-301F-11D3-BF4B-00C04F79EFBC}") = "DMT.Models", "02.Models\DMT.Models\DMT.Models.csproj", "{7D584F0A-920F-4BE1-8652-3527FD7A5C27}"
EndProject
Project("{FAE04EC0-301F-11D3-BF4B-00C04F79EFBC}") = "DMT.Account.Models", "02.Models\DMT.Account.Models\DMT.Account.Models.csproj", "{550549BE-D2A4-490B-B784-9345E6D8E5CD}"
EndProject
Project("{FAE04EC0-301F-11D3-BF4B-00C04F79EFBC}") = "DMT.TA.Models", "02.Models\DMT.TA.Models\DMT.TA.Models.csproj", "{3765DC14-2C59-445F-8E73-EFC7A59709E4}"
EndProject
Project("{FAE04EC0-301F-11D3-BF4B-00C04F79EFBC}") = "DMT.TOD.Models", "02.Models\DMT.TOD.Models\DMT.TOD.Models.csproj", "{C9B46736-C7E7-40DC-957F-BE015E598300}"
EndProject
Project("{FAE04EC0-301F-11D3-BF4B-00C04F79EFBC}") = "DMT.Rest.Client", "03.WebServices.Core\DMT.Rest.Client\DMT.Rest.Client.csproj", "{26BA4314-6B80-4A59-9E0D-7C29919BBC6F}"
EndProject
Project("{FAE04EC0-301F-11D3-BF4B-00C04F79EFBC}") = "DMT.Rest.Server", "03.WebServices.Core\DMT.Rest.Server\DMT.Rest.Server.csproj", "{53F967F3-9713-43DA-94F5-687DDEC8CF04}"
EndProject
Project("{FAE04EC0-301F-11D3-BF4B-00C04F79EFBC}") = "DMT.RabbitMQ.Client", "03.WebServices.Core\DMT.RabbitMQ.Client\DMT.RabbitMQ.Client.csproj", "{37616CB2-8712-4767-B165-76F046CFC68B}"
EndProject
Project("{FAE04EC0-301F-11D3-BF4B-00C04F79EFBC}") = "DMT.SCW.Rest.Client", "04.WebServices.Clients\DMT.SCW.Rest.Client\DMT.SCW.Rest.Client.csproj", "{5AFDD4C5-434E-4B9F-A6E8-05C75DD95B59}"
EndProject
Project("{FAE04EC0-301F-11D3-BF4B-00C04F79EFBC}") = "DMT.TA.Rest.Client", "04.WebServices.Clients\DMT.TA.Rest.Client\DMT.TA.Rest.Client.csproj", "{B0D8BCD7-CE8F-41B9-9AD1-0D2B0BE7E45D}"
EndProject
Project("{FAE04EC0-301F-11D3-BF4B-00C04F79EFBC}") = "DMT.TAxTOD.Rest.Client", "04.WebServices.Clients\DMT.TAxTOD.Rest.Client\DMT.TAxTOD.Rest.Client.csproj", "{78D73003-864F-4C0E-81F2-21F721388F4D}"
EndProject
Project("{FAE04EC0-301F-11D3-BF4B-00C04F79EFBC}") = "DMT.TOD.Rest.Client", "04.WebServices.Clients\DMT.TOD.Rest.Client\DMT.TOD.Rest.Client.csproj", "{CDA29D61-9F4F-46F2-A256-81A32B1D7E52}"
EndProject
Project("{FAE04EC0-301F-11D3-BF4B-00C04F79EFBC}") = "DMT.TA.Rest.Server", "05.WebServices.Servers\DMT.TA.Rest.Server\DMT.TA.Rest.Server.csproj", "{D571EA41-A05B-4C3C-8738-D6DD706C6A51}"
EndProject
Project("{FAE04EC0-301F-11D3-BF4B-00C04F79EFBC}") = "DMT.TOD.Rest.Server", "05.WebServices.Servers\DMT.TOD.Rest.Server\DMT.TOD.Rest.Server.csproj", "{313DCC84-B2FF-46C4-B7A4-AE5A0BCFD1B2}"
EndProject
Global
	GlobalSection(SolutionConfigurationPlatforms) = preSolution
		Debug|Any CPU = Debug|Any CPU
		Release|Any CPU = Release|Any CPU
	EndGlobalSection
	GlobalSection(ProjectConfigurationPlatforms) = postSolution
		{41A9D6C0-C833-403F-9BC1-EECDC246A428}.Debug|Any CPU.ActiveCfg = Debug|Any CPU
		{41A9D6C0-C833-403F-9BC1-EECDC246A428}.Debug|Any CPU.Build.0 = Debug|Any CPU
		{41A9D6C0-C833-403F-9BC1-EECDC246A428}.Release|Any CPU.ActiveCfg = Release|Any CPU
		{41A9D6C0-C833-403F-9BC1-EECDC246A428}.Release|Any CPU.Build.0 = Release|Any CPU
		{5879D92A-F850-4A70-8D88-99D29F6A46F3}.Debug|Any CPU.ActiveCfg = Debug|Any CPU
		{5879D92A-F850-4A70-8D88-99D29F6A46F3}.Debug|Any CPU.Build.0 = Debug|Any CPU
		{5879D92A-F850-4A70-8D88-99D29F6A46F3}.Release|Any CPU.ActiveCfg = Release|Any CPU
		{5879D92A-F850-4A70-8D88-99D29F6A46F3}.Release|Any CPU.Build.0 = Release|Any CPU
		{DB7FB4B5-3662-479E-A7DA-26B73611BFD4}.Debug|Any CPU.ActiveCfg = Debug|Any CPU
		{DB7FB4B5-3662-479E-A7DA-26B73611BFD4}.Debug|Any CPU.Build.0 = Debug|Any CPU
		{DB7FB4B5-3662-479E-A7DA-26B73611BFD4}.Release|Any CPU.ActiveCfg = Release|Any CPU
		{DB7FB4B5-3662-479E-A7DA-26B73611BFD4}.Release|Any CPU.Build.0 = Release|Any CPU
		{5148ED2A-41FA-409C-BB41-36806D98BF81}.Debug|Any CPU.ActiveCfg = Debug|Any CPU
		{5148ED2A-41FA-409C-BB41-36806D98BF81}.Debug|Any CPU.Build.0 = Debug|Any CPU
		{5148ED2A-41FA-409C-BB41-36806D98BF81}.Release|Any CPU.ActiveCfg = Release|Any CPU
		{5148ED2A-41FA-409C-BB41-36806D98BF81}.Release|Any CPU.Build.0 = Release|Any CPU
		{7D584F0A-920F-4BE1-8652-3527FD7A5C27}.Debug|Any CPU.ActiveCfg = Debug|Any CPU
		{7D584F0A-920F-4BE1-8652-3527FD7A5C27}.Debug|Any CPU.Build.0 = Debug|Any CPU
		{7D584F0A-920F-4BE1-8652-3527FD7A5C27}.Release|Any CPU.ActiveCfg = Release|Any CPU
		{7D584F0A-920F-4BE1-8652-3527FD7A5C27}.Release|Any CPU.Build.0 = Release|Any CPU
		{550549BE-D2A4-490B-B784-9345E6D8E5CD}.Debug|Any CPU.ActiveCfg = Debug|Any CPU
		{550549BE-D2A4-490B-B784-9345E6D8E5CD}.Debug|Any CPU.Build.0 = Debug|Any CPU
		{550549BE-D2A4-490B-B784-9345E6D8E5CD}.Release|Any CPU.ActiveCfg = Release|Any CPU
		{550549BE-D2A4-490B-B784-9345E6D8E5CD}.Release|Any CPU.Build.0 = Release|Any CPU
		{3765DC14-2C59-445F-8E73-EFC7A59709E4}.Debug|Any CPU.ActiveCfg = Debug|Any CPU
		{3765DC14-2C59-445F-8E73-EFC7A59709E4}.Debug|Any CPU.Build.0 = Debug|Any CPU
		{3765DC14-2C59-445F-8E73-EFC7A59709E4}.Release|Any CPU.ActiveCfg = Release|Any CPU
		{3765DC14-2C59-445F-8E73-EFC7A59709E4}.Release|Any CPU.Build.0 = Release|Any CPU
		{C9B46736-C7E7-40DC-957F-BE015E598300}.Debug|Any CPU.ActiveCfg = Debug|Any CPU
		{C9B46736-C7E7-40DC-957F-BE015E598300}.Debug|Any CPU.Build.0 = Debug|Any CPU
		{C9B46736-C7E7-40DC-957F-BE015E598300}.Release|Any CPU.ActiveCfg = Release|Any CPU
		{C9B46736-C7E7-40DC-957F-BE015E598300}.Release|Any CPU.Build.0 = Release|Any CPU
		{26BA4314-6B80-4A59-9E0D-7C29919BBC6F}.Debug|Any CPU.ActiveCfg = Debug|Any CPU
		{26BA4314-6B80-4A59-9E0D-7C29919BBC6F}.Debug|Any CPU.Build.0 = Debug|Any CPU
		{26BA4314-6B80-4A59-9E0D-7C29919BBC6F}.Release|Any CPU.ActiveCfg = Release|Any CPU
		{26BA4314-6B80-4A59-9E0D-7C29919BBC6F}.Release|Any CPU.Build.0 = Release|Any CPU
		{53F967F3-9713-43DA-94F5-687DDEC8CF04}.Debug|Any CPU.ActiveCfg = Debug|Any CPU
		{53F967F3-9713-43DA-94F5-687DDEC8CF04}.Debug|Any CPU.Build.0 = Debug|Any CPU
		{53F967F3-9713-43DA-94F5-687DDEC8CF04}.Release|Any CPU.ActiveCfg = Release|Any CPU
		{53F967F3-9713-43DA-94F5-687DDEC8CF04}.Release|Any CPU.Build.0 = Release|Any CPU
		{37616CB2-8712-4767-B165-76F046CFC68B}.Debug|Any CPU.ActiveCfg = Debug|Any CPU
		{37616CB2-8712-4767-B165-76F046CFC68B}.Debug|Any CPU.Build.0 = Debug|Any CPU
		{37616CB2-8712-4767-B165-76F046CFC68B}.Release|Any CPU.ActiveCfg = Release|Any CPU
		{37616CB2-8712-4767-B165-76F046CFC68B}.Release|Any CPU.Build.0 = Release|Any CPU
		{5AFDD4C5-434E-4B9F-A6E8-05C75DD95B59}.Debug|Any CPU.ActiveCfg = Debug|Any CPU
		{5AFDD4C5-434E-4B9F-A6E8-05C75DD95B59}.Debug|Any CPU.Build.0 = Debug|Any CPU
		{5AFDD4C5-434E-4B9F-A6E8-05C75DD95B59}.Release|Any CPU.ActiveCfg = Release|Any CPU
		{5AFDD4C5-434E-4B9F-A6E8-05C75DD95B59}.Release|Any CPU.Build.0 = Release|Any CPU
		{B0D8BCD7-CE8F-41B9-9AD1-0D2B0BE7E45D}.Debug|Any CPU.ActiveCfg = Debug|Any CPU
		{B0D8BCD7-CE8F-41B9-9AD1-0D2B0BE7E45D}.Debug|Any CPU.Build.0 = Debug|Any CPU
		{B0D8BCD7-CE8F-41B9-9AD1-0D2B0BE7E45D}.Release|Any CPU.ActiveCfg = Release|Any CPU
		{B0D8BCD7-CE8F-41B9-9AD1-0D2B0BE7E45D}.Release|Any CPU.Build.0 = Release|Any CPU
		{78D73003-864F-4C0E-81F2-21F721388F4D}.Debug|Any CPU.ActiveCfg = Debug|Any CPU
		{78D73003-864F-4C0E-81F2-21F721388F4D}.Debug|Any CPU.Build.0 = Debug|Any CPU
		{78D73003-864F-4C0E-81F2-21F721388F4D}.Release|Any CPU.ActiveCfg = Release|Any CPU
		{78D73003-864F-4C0E-81F2-21F721388F4D}.Release|Any CPU.Build.0 = Release|Any CPU
		{CDA29D61-9F4F-46F2-A256-81A32B1D7E52}.Debug|Any CPU.ActiveCfg = Debug|Any CPU
		{CDA29D61-9F4F-46F2-A256-81A32B1D7E52}.Debug|Any CPU.Build.0 = Debug|Any CPU
		{CDA29D61-9F4F-46F2-A256-81A32B1D7E52}.Release|Any CPU.ActiveCfg = Release|Any CPU
		{CDA29D61-9F4F-46F2-A256-81A32B1D7E52}.Release|Any CPU.Build.0 = Release|Any CPU
		{D571EA41-A05B-4C3C-8738-D6DD706C6A51}.Debug|Any CPU.ActiveCfg = Debug|Any CPU
		{D571EA41-A05B-4C3C-8738-D6DD706C6A51}.Debug|Any CPU.Build.0 = Debug|Any CPU
		{D571EA41-A05B-4C3C-8738-D6DD706C6A51}.Release|Any CPU.ActiveCfg = Release|Any CPU
		{D571EA41-A05B-4C3C-8738-D6DD706C6A51}.Release|Any CPU.Build.0 = Release|Any CPU
		{313DCC84-B2FF-46C4-B7A4-AE5A0BCFD1B2}.Debug|Any CPU.ActiveCfg = Debug|Any CPU
		{313DCC84-B2FF-46C4-B7A4-AE5A0BCFD1B2}.Debug|Any CPU.Build.0 = Debug|Any CPU
		{313DCC84-B2FF-46C4-B7A4-AE5A0BCFD1B2}.Release|Any CPU.ActiveCfg = Release|Any CPU
		{313DCC84-B2FF-46C4-B7A4-AE5A0BCFD1B2}.Release|Any CPU.Build.0 = Release|Any CPU
	EndGlobalSection
	GlobalSection(SolutionProperties) = preSolution
		HideSolutionNode = FALSE
	EndGlobalSection
	GlobalSection(NestedProjects) = preSolution
		{43D3A296-717F-4050-AAA5-E5BB3ED28178} = {FE2F9D63-2110-422D-AF7C-5600449597B0}
		{DA78D455-22A7-4248-9E7B-D1028F27260B} = {FE2F9D63-2110-422D-AF7C-5600449597B0}
		{2E1C54A2-FE1F-452F-9FD3-41BE1A488E18} = {43D3A296-717F-4050-AAA5-E5BB3ED28178}
		{099DC3B8-945D-4417-A919-D44FA49A4AE3} = {DA78D455-22A7-4248-9E7B-D1028F27260B}
		{41A9D6C0-C833-403F-9BC1-EECDC246A428} = {AFF236CF-290E-4121-9DCC-41B24EA46431}
		{5879D92A-F850-4A70-8D88-99D29F6A46F3} = {AFF236CF-290E-4121-9DCC-41B24EA46431}
		{DB7FB4B5-3662-479E-A7DA-26B73611BFD4} = {631A2AD1-927D-489E-9D6E-63AEFFD3DA25}
		{5148ED2A-41FA-409C-BB41-36806D98BF81} = {631A2AD1-927D-489E-9D6E-63AEFFD3DA25}
		{7D584F0A-920F-4BE1-8652-3527FD7A5C27} = {DA7DCCEC-D111-408A-8D09-FC865E92EB30}
		{550549BE-D2A4-490B-B784-9345E6D8E5CD} = {DA7DCCEC-D111-408A-8D09-FC865E92EB30}
		{3765DC14-2C59-445F-8E73-EFC7A59709E4} = {DA7DCCEC-D111-408A-8D09-FC865E92EB30}
		{C9B46736-C7E7-40DC-957F-BE015E598300} = {DA7DCCEC-D111-408A-8D09-FC865E92EB30}
		{26BA4314-6B80-4A59-9E0D-7C29919BBC6F} = {FDFBB91E-A33B-4E09-9F1F-DE8084F10DA2}
		{53F967F3-9713-43DA-94F5-687DDEC8CF04} = {FDFBB91E-A33B-4E09-9F1F-DE8084F10DA2}
		{37616CB2-8712-4767-B165-76F046CFC68B} = {FDFBB91E-A33B-4E09-9F1F-DE8084F10DA2}
		{5AFDD4C5-434E-4B9F-A6E8-05C75DD95B59} = {80D31210-B240-46AB-8861-18BC30C0D217}
		{B0D8BCD7-CE8F-41B9-9AD1-0D2B0BE7E45D} = {80D31210-B240-46AB-8861-18BC30C0D217}
		{78D73003-864F-4C0E-81F2-21F721388F4D} = {80D31210-B240-46AB-8861-18BC30C0D217}
		{CDA29D61-9F4F-46F2-A256-81A32B1D7E52} = {80D31210-B240-46AB-8861-18BC30C0D217}
		{D571EA41-A05B-4C3C-8738-D6DD706C6A51} = {E551BCE7-2E72-4ED9-95DD-92A86111031F}
		{313DCC84-B2FF-46C4-B7A4-AE5A0BCFD1B2} = {E551BCE7-2E72-4ED9-95DD-92A86111031F}
	EndGlobalSection
	GlobalSection(ExtensibilityGlobals) = postSolution
		SolutionGuid = {E2352083-EE88-4EDB-BE3B-2FA8D4B955A7}
	EndGlobalSection
EndGlobal
